
Microsoft Visual Studio Solution File, Format Version 12.00
# Visual Studio 15
VisualStudioVersion = 15.0.28010.2046
MinimumVisualStudioVersion = 10.0.40219.1
Project("{FAE04EC0-301F-11D3-BF4B-00C04F79EFBC}") = "AzureResourceNames", "AzureResourceNames\AzureResourceNames.csproj", "{EBF43AF2-534D-471C-81B5-7FA74EE5FA8B}"
EndProject
Global
	GlobalSection(SolutionConfigurationPlatforms) = preSolution
		Debug|Any CPU = Debug|Any CPU
		Release|Any CPU = Release|Any CPU
	EndGlobalSection
	GlobalSection(ProjectConfigurationPlatforms) = postSolution
		{EBF43AF2-534D-471C-81B5-7FA74EE5FA8B}.Debug|Any CPU.ActiveCfg = Debug|Any CPU
		{EBF43AF2-534D-471C-81B5-7FA74EE5FA8B}.Debug|Any CPU.Build.0 = Debug|Any CPU
		{EBF43AF2-534D-471C-81B5-7FA74EE5FA8B}.Release|Any CPU.ActiveCfg = Release|Any CPU
		{EBF43AF2-534D-471C-81B5-7FA74EE5FA8B}.Release|Any CPU.Build.0 = Release|Any CPU
	EndGlobalSection
	GlobalSection(SolutionProperties) = preSolution
		HideSolutionNode = FALSE
	EndGlobalSection
	GlobalSection(ExtensibilityGlobals) = postSolution
		SolutionGuid = {B8790CF8-B577-4627-9726-886BD12E8AB8}
	EndGlobalSection
EndGlobal
